
Microsoft Visual Studio Solution File, Format Version 12.00
# Visual Studio 15
VisualStudioVersion = 15.0.27130.2027
MinimumVisualStudioVersion = 10.0.40219.1
Project("{FAE04EC0-301F-11D3-BF4B-00C04F79EFBC}") = "Login", "Login\Login.csproj", "{8964CCDA-B335-4AFF-AE4E-C9B6C3868A3C}"
EndProject
Global
	GlobalSection(SolutionConfigurationPlatforms) = preSolution
		Debug|Any CPU = Debug|Any CPU
		Release|Any CPU = Release|Any CPU
	EndGlobalSection
	GlobalSection(ProjectConfigurationPlatforms) = postSolution
		{8964CCDA-B335-4AFF-AE4E-C9B6C3868A3C}.Debug|Any CPU.ActiveCfg = Debug|Any CPU
		{8964CCDA-B335-4AFF-AE4E-C9B6C3868A3C}.Debug|Any CPU.Build.0 = Debug|Any CPU
		{8964CCDA-B335-4AFF-AE4E-C9B6C3868A3C}.Release|Any CPU.ActiveCfg = Release|Any CPU
		{8964CCDA-B335-4AFF-AE4E-C9B6C3868A3C}.Release|Any CPU.Build.0 = Release|Any CPU
	EndGlobalSection
	GlobalSection(SolutionProperties) = preSolution
		HideSolutionNode = FALSE
	EndGlobalSection
	GlobalSection(ExtensibilityGlobals) = postSolution
		SolutionGuid = {175F7EAA-FDD3-480F-A3FA-68020E715A23}
	EndGlobalSection
EndGlobal
